github.com/demiurgos-hub/golem-engine/golem/collision v0.3.0 h1:gPALn2mGDRKQ62MJhy/DQbQr1f9OZuOMcau836y/TjU=
github.com/demiurgos-hub/golem-engine/golem/collision v0.3.0/go.mod h1:hXRsmSn8GeDFzsPqCEE5meFLruEPLecBKIm5qTgCOrI=
github.com/jakecoffman/cp/v2 v2.4.0 h1:Mf5SIl1/mV4igtTWnSF4LqJ5LyYNdOiqyF/qKCkDiYU=
github.com/jakecoffman/cp/v2 v2.4.0/go.mod h1:6lPSBgxx6+//RIlSaMH3XaXtcCwPY1ZCJox1ThK5bZw=
