{
  "name": "golem-phaser",
  "version": "0.1.0",
  "lockfileVersion": 3,
  "requires": true,
  "packages": {
    "": {
      "name": "golem-phaser",
      "version": "0.1.0",
      "devDependencies": {
        "golem-engine": "file:../golem-js",
        "phaser": "^4.2.0",
        "typescript": "^5.8.0"
      },
      "peerDependencies": {
        "golem-engine": ">=0.2.0",
        "phaser": ">=4.0.0"
      }
    },
    "../golem-js": {
      "name": "golem-engine",
      "version": "0.2.0",
      "dev": true,
      "devDependencies": {
        "typescript": "^5.8.0"
      }
    },
    "node_modules/eventemitter3": {
      "version": "5.0.4",
      "resolved": "https://registry.npmjs.org/eventemitter3/-/eventemitter3-5.0.4.tgz",
      "integrity": "sha512-mlsTRyGaPBjPedk6Bvw+aqbsXDtoAyAzm5MO7JgU+yVRyMQ5O8bD4Kcci7BS85f93veegeCPkL8R4GLClnjLFw==",
      "dev": true,
      "license": "MIT"
    },
    "node_modules/golem-engine": {
      "resolved": "../golem-js",
      "link": true
    },
    "node_modules/phaser": {
      "version": "4.2.0",
      "resolved": "https://registry.npmjs.org/phaser/-/phaser-4.2.0.tgz",
      "integrity": "sha512-9nSQZs4CJ9+V96i2mRC3BBStBcsQWGJJBRpdFYSbpL40/i/QM+wLofaCYMsxNyDk8WJOlHGZUh3uVRKa7lj6yg==",
      "dev": true,
      "license": "MIT",
      "dependencies": {
        "eventemitter3": "^5.0.4"
      }
    },
    "node_modules/typescript": {
      "version": "5.9.3",
      "resolved": "https://registry.npmjs.org/typescript/-/typescript-5.9.3.tgz",
      "integrity": "sha512-jl1vZzPDinLr9eUt3J/t7V6FgNEw9QjvBPdysz9KfQDD41fQrC2Y4vKQdiaUpFT4bXlb1RHhLpp8wtm6M5TgSw==",
      "dev": true,
      "license": "Apache-2.0",
      "bin": {
        "tsc": "bin/tsc",
        "tsserver": "bin/tsserver"
      },
      "engines": {
        "node": ">=14.17"
      }
    }
  }
}
