github.com/davecgh/go-spew v1.1.1 h1:vj9j/u1bqnvCEfJOwUhtlOARqs3+rkHYY13jYWTU97c=
github.com/davecgh/go-spew v1.1.1/go.mod h1:J7Y8YcW2NihsgmVo/mv3lAwl/skON4iLHjSsI+c5H38=
github.com/kelindar/intmap v1.5.0 h1:VY+AdO4Wx1sF1vGiTkS8n2lxhmFgOQwCIFuePQP4Iqw=
github.com/kelindar/intmap v1.5.0/go.mod h1:NkypxhfaklmDTJqwano3Q1BWk6je77qgQwszDwu8Kc8=
github.com/kelindar/iostream v1.4.0 h1:ELKlinnM/K3GbRp9pYhWuZOyBxMMlYAfsOP+gauvZaY=
github.com/kelindar/iostream v1.4.0/go.mod h1:MkjMuVb6zGdPQVdwLnFRO0xOTOdDvBWTztFmjRDQkXk=
github.com/kelindar/tile v1.7.0 h1:qobUAX9GRASHb26erP9ey+j4o06UcpJHHx/OmDbEWRE=
github.com/kelindar/tile v1.7.0/go.mod h1:m1pvih5/D/nuRnj31iNMh9YpVwOcGV1DQcbXrXNZHrk=
github.com/pmezard/go-difflib v1.0.0 h1:4DBwDE0NGyQoBHbLQYPwSUPoCMWR5BEzIk/f1lZbAQM=
github.com/pmezard/go-difflib v1.0.0/go.mod h1:iKH77koFhYxTK1pcRnkKkqfTogsbg7gZNVY4sRDYZ/4=
github.com/stretchr/testify v1.10.0 h1:Xv5erBjTwe/5IxqUQTdXv5kgmIvbHo3QQyRwhJsOfJA=
github.com/stretchr/testify v1.10.0/go.mod h1:r2ic/lqez/lEtzL7wO/rwa5dbSLXVDPFyf8C91i36aY=
gopkg.in/yaml.v3 v3.0.1 h1:fxVm/GzAzEWqLHuvctI91KS9hhNmmWOoWu0XTYJS7CA=
gopkg.in/yaml.v3 v3.0.1/go.mod h1:K4uyk7z7BCEPqu6E+C64Yfv1cQ7kz7rIZviUmN+EgEM=
